
Microsoft Visual Studio Solution File, Format Version 12.00
# Visual Studio Version 17
VisualStudioVersion = 17.6.33801.468
MinimumVisualStudioVersion = 10.0.40219.1
Project("{FAE04EC0-301F-11D3-BF4B-00C04F79EFBC}") = "Mhrs Otomasyonu", "Mhrs Otomasyonu\Mhrs Otomasyonu.csproj", "{B279D1E9-D4C1-44C4-A007-CFD04FA5F862}"
EndProject
Global
	GlobalSection(SolutionConfigurationPlatforms) = preSolution
		Debug|Any CPU = Debug|Any CPU
		Release|Any CPU = Release|Any CPU
	EndGlobalSection
	GlobalSection(ProjectConfigurationPlatforms) = postSolution
		{B279D1E9-D4C1-44C4-A007-CFD04FA5F862}.Debug|Any CPU.ActiveCfg = Debug|Any CPU
		{B279D1E9-D4C1-44C4-A007-CFD04FA5F862}.Debug|Any CPU.Build.0 = Debug|Any CPU
		{B279D1E9-D4C1-44C4-A007-CFD04FA5F862}.Release|Any CPU.ActiveCfg = Release|Any CPU
		{B279D1E9-D4C1-44C4-A007-CFD04FA5F862}.Release|Any CPU.Build.0 = Release|Any CPU
	EndGlobalSection
	GlobalSection(SolutionProperties) = preSolution
		HideSolutionNode = FALSE
	EndGlobalSection
	GlobalSection(ExtensibilityGlobals) = postSolution
		SolutionGuid = {6E7A268A-9272-4DA8-B89F-EE91E1AFDB6A}
	EndGlobalSection
EndGlobal
